// !$*UTF8*$!
{
	archiveVersion = 1;
	classes = {
	};
	objectVersion = 50;
	objects = {

/* Begin PBXBuildFile section */
		9632245D22B755AB00C223CF /* AppDelegate.swift in Sources */ = {isa = PBXBuildFile; fileRef = 9632245C22B755AB00C223CF /* AppDelegate.swift */; };
		9632245F22B755AB00C223CF /* ViewController.swift in Sources */ = {isa = PBXBuildFile; fileRef = 9632245E22B755AB00C223CF /* ViewController.swift */; };
		9632246222B755AB00C223CF /* Main.storyboard in Resources */ = {isa = PBXBuildFile; fileRef = 9632246022B755AB00C223CF /* Main.storyboard */; };
		9632246422B755AB00C223CF /* Assets.xcassets in Resources */ = {isa = PBXBuildFile; fileRef = 9632246322B755AB00C223CF /* Assets.xcassets */; };
		9632246722B755AB00C223CF /* LaunchScreen.storyboard in Resources */ = {isa = PBXBuildFile; fileRef = 9632246522B755AB00C223CF /* LaunchScreen.storyboard */; };
		EF7FABC5D5BE8D318939B20F /* Pods_DeploymentEx.framework in Frameworks */ = {isa = PBXBuildFile; fileRef = 7CA5DD36CF864B41D51524EF /* Pods_DeploymentEx.framework */; };
/* End PBXBuildFile section */

/* Begin PBXFileReference section */
		4CEDDD5EC11C79407619C354 /* Pods-DeploymentEx.debug.xcconfig */ = {isa = PBXFileReference; includeInIndex = 1; lastKnownFileType = text.xcconfig; name = "Pods-DeploymentEx.debug.xcconfig"; path = "Target Support Files/Pods-DeploymentEx/Pods-DeploymentEx.debug.xcconfig"; sourceTree = "<group>"; };
		7CA5DD36CF864B41D51524EF /* Pods_DeploymentEx.framework */ = {isa = PBXFileReference; explicitFileType = wrapper.framework; includeInIndex = 0; path = Pods_DeploymentEx.framework; sourceTree = BUILT_PRODUCTS_DIR; };
		9632245922B755AB00C223CF /* DeploymentEx.app */ = {isa = PBXFileReference; explicitFileType = wrapper.application; includeInIndex = 0; path = DeploymentEx.app; sourceTree = BUILT_PRODUCTS_DIR; };
		9632245C22B755AB00C223CF /* AppDelegate.swift */ = {isa = PBXFileReference; lastKnownFileType = sourcecode.swift; path = AppDelegate.swift; sourceTree = "<group>"; };
		9632245E22B755AB00C223CF /* ViewController.swift */ = {isa = PBXFileReference; lastKnownFileType = sourcecode.swift; path = ViewController.swift; sourceTree = "<group>"; };
		9632246122B755AB00C223CF /* Base */ = {isa = PBXFileReference; lastKnownFileType = file.storyboard; name = Base; path = Base.lproj/Main.storyboard; sourceTree = "<group>"; };
		9632246322B755AB00C223CF /* Assets.xcassets */ = {isa = PBXFileReference; lastKnownFileType = folder.assetcatalog; path = Assets.xcassets; sourceTree = "<group>"; };
		9632246622B755AB00C223CF /* Base */ = {isa = PBXFileReference; lastKnownFileType = file.storyboard; name = Base; path = Base.lproj/LaunchScreen.storyboard; sourceTree = "<group>"; };
		9632246822B755AB00C223CF /* Info.plist */ = {isa = PBXFileReference; lastKnownFileType = text.plist.xml; path = Info.plist; sourceTree = "<group>"; };
		C2E12555BD28248F97C95D63 /* Pods-DeploymentEx.release.xcconfig */ = {isa = PBXFileReference; includeInIndex = 1; lastKnownFileType = text.xcconfig; name = "Pods-DeploymentEx.release.xcconfig"; path = "Target Support Files/Pods-DeploymentEx/Pods-DeploymentEx.release.xcconfig"; sourceTree = "<group>"; };
/* End PBXFileReference section */

/* Begin PBXFrameworksBuildPhase section */
		9632245622B755AB00C223CF /* Frameworks */ = {
			isa = PBXFrameworksBuildPhase;
			buildActionMask = 2147483647;
			files = (
				EF7FABC5D5BE8D318939B20F /* Pods_DeploymentEx.framework in Frameworks */,
			);
			runOnlyForDeploymentPostprocessing = 0;
		};
/* End PBXFrameworksBuildPhase section */

/* Begin PBXGroup section */
		2DD8BFE7EC264C36D58BF4E2 /* Pods */ = {
			isa = PBXGroup;
			children = (
				4CEDDD5EC11C79407619C354 /* Pods-DeploymentEx.debug.xcconfig */,
				C2E12555BD28248F97C95D63 /* Pods-DeploymentEx.release.xcconfig */,
			);
			name = Pods;
			path = Pods;
			sourceTree = "<group>";
		};
		9632245022B755AB00C223CF = {
			isa = PBXGroup;
			children = (
				9632245B22B755AB00C223CF /* DeploymentEx */,
				9632245A22B755AB00C223CF /* Products */,
				2DD8BFE7EC264C36D58BF4E2 /* Pods */,
				CF7F984320DAC5D25059CB8A /* Frameworks */,
			);
			sourceTree = "<group>";
		};
		9632245A22B755AB00C223CF /* Products */ = {
			isa = PBXGroup;
			children = (
				9632245922B755AB00C223CF /* DeploymentEx.app */,
			);
			name = Products;
			sourceTree = "<group>";
		};
		9632245B22B755AB00C223CF /* DeploymentEx */ = {
			isa = PBXGroup;
			children = (
				9632245C22B755AB00C223CF /* AppDelegate.swift */,
				9632245E22B755AB00C223CF /* ViewController.swift */,
				9632246022B755AB00C223CF /* Main.storyboard */,
				9632246322B755AB00C223CF /* Assets.xcassets */,
				9632246522B755AB00C223CF /* LaunchScreen.storyboard */,
				9632246822B755AB00C223CF /* Info.plist */,
			);
			path = DeploymentEx;
			sourceTree = "<group>";
		};
		CF7F984320DAC5D25059CB8A /* Frameworks */ = {
			isa = PBXGroup;
			children = (
				7CA5DD36CF864B41D51524EF /* Pods_DeploymentEx.framework */,
			);
			name = Frameworks;
			sourceTree = "<group>";
		};
/* End PBXGroup section */

/* Begin PBXNativeTarget section */
		9632245822B755AB00C223CF /* DeploymentEx */ = {
			isa = PBXNativeTarget;
			buildConfigurationList = 9632246B22B755AB00C223CF /* Build configuration list for PBXNativeTarget "DeploymentEx" */;
			buildPhases = (
				38B7A9E24F4244789854FCF9 /* [CP] Check Pods Manifest.lock */,
				9632245522B755AB00C223CF /* Sources */,
				9632245622B755AB00C223CF /* Frameworks */,
				9632245722B755AB00C223CF /* Resources */,
				3D47BA57DB7C31FBBD080415 /* [CP] Embed Pods Frameworks */,
			);
			buildRules = (
			);
			dependencies = (
			);
			name = DeploymentEx;
			productName = DeploymentEx;
			productReference = 9632245922B755AB00C223CF /* DeploymentEx.app */;
			productType = "com.apple.product-type.application";
		};
/* End PBXNativeTarget section */

/* Begin PBXProject section */
		9632245122B755AB00C223CF /* Project object */ = {
			isa = PBXProject;
			attributes = {
				LastSwiftUpdateCheck = 1020;
				LastUpgradeCheck = 1020;
				ORGANIZATIONNAME = jinuman;
				TargetAttributes = {
					9632245822B755AB00C223CF = {
						CreatedOnToolsVersion = 10.2.1;
					};
				};
			};
			buildConfigurationList = 9632245422B755AB00C223CF /* Build configuration list for PBXProject "DeploymentEx" */;
			compatibilityVersion = "Xcode 9.3";
			developmentRegion = en;
			hasScannedForEncodings = 0;
			knownRegions = (
				en,
				Base,
			);
			mainGroup = 9632245022B755AB00C223CF;
			productRefGroup = 9632245A22B755AB00C223CF /* Products */;
			projectDirPath = "";
			projectRoot = "";
			targets = (
				9632245822B755AB00C223CF /* DeploymentEx */,
			);
		};
/* End PBXProject section */

/* Begin PBXResourcesBuildPhase section */
		9632245722B755AB00C223CF /* Resources */ = {
			isa = PBXResourcesBuildPhase;
			buildActionMask = 2147483647;
			files = (
				9632246722B755AB00C223CF /* LaunchScreen.storyboard in Resources */,
				9632246422B755AB00C223CF /* Assets.xcassets in Resources */,
				9632246222B755AB00C223CF /* Main.storyboard in Resources */,
			);
			runOnlyForDeploymentPostprocessing = 0;
		};
/* End PBXResourcesBuildPhase section */

/* Begin PBXShellScriptBuildPhase section */
		38B7A9E24F4244789854FCF9 /* [CP] Check Pods Manifest.lock */ = {
			isa = PBXShellScriptBuildPhase;
			buildActionMask = 2147483647;
			files = (
			);
			inputFileListPaths = (
			);
			inputPaths = (
				"${PODS_PODFILE_DIR_PATH}/Podfile.lock",
				"${PODS_ROOT}/Manifest.lock",
			);
			name = "[CP] Check Pods Manifest.lock";
			outputFileListPaths = (
			);
			outputPaths = (
				"$(DERIVED_FILE_DIR)/Pods-DeploymentEx-checkManifestLockResult.txt",
			);
			runOnlyForDeploymentPostprocessing = 0;
			shellPath = /bin/sh;
			shellScript = "diff \"${PODS_PODFILE_DIR_PATH}/Podfile.lock\" \"${PODS_ROOT}/Manifest.lock\" > /dev/null\nif [ $? != 0 ] ; then\n    # print error to STDERR\n    echo \"error: The sandbox is not in sync with the Podfile.lock. Run 'pod install' or update your CocoaPods installation.\" >&2\n    exit 1\nfi\n# This output is used by Xcode 'outputs' to avoid re-running this script phase.\necho \"SUCCESS\" > \"${SCRIPT_OUTPUT_FILE_0}\"\n";
			showEnvVarsInLog = 0;
		};
		3D47BA57DB7C31FBBD080415 /* [CP] Embed Pods Frameworks */ = {
			isa = PBXShellScriptBuildPhase;
			buildActionMask = 2147483647;
			files = (
			);
			inputFileListPaths = (
				"${PODS_ROOT}/Target Support Files/Pods-DeploymentEx/Pods-DeploymentEx-frameworks-${CONFIGURATION}-input-files.xcfilelist",
			);
			name = "[CP] Embed Pods Frameworks";
			outputFileListPaths = (
				"${PODS_ROOT}/Target Support Files/Pods-DeploymentEx/Pods-DeploymentEx-frameworks-${CONFIGURATION}-output-files.xcfilelist",
			);
			runOnlyForDeploymentPostprocessing = 0;
			shellPath = /bin/sh;
			shellScript = "\"${PODS_ROOT}/Target Support Files/Pods-DeploymentEx/Pods-DeploymentEx-frameworks.sh\"\n";
			showEnvVarsInLog = 0;
		};
/* End PBXShellScriptBuildPhase section */

/* Begin PBXSourcesBuildPhase section */
		9632245522B755AB00C223CF /* Sources */ = {
			isa = PBXSourcesBuildPhase;
			buildActionMask = 2147483647;
			files = (
				9632245F22B755AB00C223CF /* ViewController.swift in Sources */,
				9632245D22B755AB00C223CF /* AppDelegate.swift in Sources */,
			);
			runOnlyForDeploymentPostprocessing = 0;
		};
/* End PBXSourcesBuildPhase section */

/* Begin PBXVariantGroup section */
		9632246022B755AB00C223CF /* Main.storyboard */ = {
			isa = PBXVariantGroup;
			children = (
				9632246122B755AB00C223CF /* Base */,
			);
			name = Main.storyboard;
			sourceTree = "<group>";
		};
		9632246522B755AB00C223CF /* LaunchScreen.storyboard */ = {
			isa = PBXVariantGroup;
			children = (
				9632246622B755AB00C223CF /* Base */,
			);
			name = LaunchScreen.storyboard;
			sourceTree = "<group>";
		};
/* End PBXVariantGroup section */

/* Begin XCBuildConfiguration section */
		9632246922B755AB00C223CF /* Debug */ = {
			isa = XCBuildConfiguration;
			buildSettings = {
				ALWAYS_SEARCH_USER_PATHS = NO;
				CLANG_ANALYZER_NONNULL = YES;
				CLANG_ANALYZER_NUMBER_OBJECT_CONVERSION = YES_AGGRESSIVE;
				CLANG_CXX_LANGUAGE_STANDARD = "gnu++14";
				CLANG_CXX_LIBRARY = "libc++";
				CLANG_ENABLE_MODULES = YES;
				CLANG_ENABLE_OBJC_ARC = YES;
				CLANG_ENABLE_OBJC_WEAK = YES;
				CLANG_WARN_BLOCK_CAPTURE_AUTORELEASING = YES;
				CLANG_WARN_BOOL_CONVERSION = YES;
				CLANG_WARN_COMMA = YES;
				CLANG_WARN_CONSTANT_CONVERSION = YES;
				CLANG_WARN_DEPRECATED_OBJC_IMPLEMENTATIONS = YES;
				CLANG_WARN_DIRECT_OBJC_ISA_USAGE = YES_ERROR;
				CLANG_WARN_DOCUMENTATION_COMMENTS = YES;
				CLANG_WARN_EMPTY_BODY = YES;
				CLANG_WARN_ENUM_CONVERSION = YES;
				CLANG_WARN_INFINITE_RECURSION = YES;
				CLANG_WARN_INT_CONVERSION = YES;
				CLANG_WARN_NON_LITERAL_NULL_CONVERSION = YES;
				CLANG_WARN_OBJC_IMPLICIT_RETAIN_SELF = YES;
				CLANG_WARN_OBJC_LITERAL_CONVERSION = YES;
				CLANG_WARN_OBJC_ROOT_CLASS = YES_ERROR;
				CLANG_WARN_RANGE_LOOP_ANALYSIS = YES;
				CLANG_WARN_STRICT_PROTOTYPES = YES;
				CLANG_WARN_SUSPICIOUS_MOVE = YES;
				CLANG_WARN_UNGUARDED_AVAILABILITY = YES_AGGRESSIVE;
				CLANG_WARN_UNREACHABLE_CODE = YES;
				CLANG_WARN__DUPLICATE_METHOD_MATCH = YES;
				CODE_SIGN_IDENTITY = "iPhone Developer";
				COPY_PHASE_STRIP = NO;
				DEBUG_INFORMATION_FORMAT = dwarf;
				ENABLE_STRICT_OBJC_MSGSEND = YES;
				ENABLE_TESTABILITY = YES;
				GCC_C_LANGUAGE_STANDARD = gnu11;
				GCC_DYNAMIC_NO_PIC = NO;
				GCC_NO_COMMON_BLOCKS = YES;
				GCC_OPTIMIZATION_LEVEL = 0;
				GCC_PREPROCESSOR_DEFINITIONS = (
					"DEBUG=1",
					"$(inherited)",
				);
				GCC_WARN_64_TO_32_BIT_CONVERSION = YES;
				GCC_WARN_ABOUT_RETURN_TYPE = YES_ERROR;
				GCC_WARN_UNDECLARED_SELECTOR = YES;
				GCC_WARN_UNINITIALIZED_AUTOS = YES_AGGRESSIVE;
				GCC_WARN_UNUSED_FUNCTION = YES;
				GCC_WARN_UNUSED_VARIABLE = YES;
				IPHONEOS_DEPLOYMENT_TARGET = 12.2;
				MTL_ENABLE_DEBUG_INFO = INCLUDE_SOURCE;
				MTL_FAST_MATH = YES;
				ONLY_ACTIVE_ARCH = YES;
				SDKROOT = iphoneos;
				SWIFT_ACTIVE_COMPILATION_CONDITIONS = DEBUG;
				SWIFT_OPTIMIZATION_LEVEL = "-Onone";
			};
			name = Debug;
		};
		9632246A22B755AB00C223CF /* Release */ = {
			isa = XCBuildConfiguration;
			buildSettings = {
				ALWAYS_SEARCH_USER_PATHS = NO;
				CLANG_ANALYZER_NONNULL = YES;
				CLANG_ANALYZER_NUMBER_OBJECT_CONVERSION = YES_AGGRESSIVE;
				CLANG_CXX_LANGUAGE_STANDARD = "gnu++14";
				CLANG_CXX_LIBRARY = "libc++";
				CLANG_ENABLE_MODULES = YES;
				CLANG_ENABLE_OBJC_ARC = YES;
				CLANG_ENABLE_OBJC_WEAK = YES;
				CLANG_WARN_BLOCK_CAPTURE_AUTORELEASING = YES;
				CLANG_WARN_BOOL_CONVERSION = YES;
				CLANG_WARN_COMMA = YES;
				CLANG_WARN_CONSTANT_CONVERSION = YES;
				CLANG_WARN_DEPRECATED_OBJC_IMPLEMENTATIONS = YES;
				CLANG_WARN_DIRECT_OBJC_ISA_USAGE = YES_ERROR;
				CLANG_WARN_DOCUMENTATION_COMMENTS = YES;
				CLANG_WARN_EMPTY_BODY = YES;
				CLANG_WARN_ENUM_CONVERSION = YES;
				CLANG_WARN_INFINITE_RECURSION = YES;
				CLANG_WARN_INT_CONVERSION = YES;
				CLANG_WARN_NON_LITERAL_NULL_CONVERSION = YES;
				CLANG_WARN_OBJC_IMPLICIT_RETAIN_SELF = YES;
				CLANG_WARN_OBJC_LITERAL_CONVERSION = YES;
				CLANG_WARN_OBJC_ROOT_CLASS = YES_ERROR;
				CLANG_WARN_RANGE_LOOP_ANALYSIS = YES;
				CLANG_WARN_STRICT_PROTOTYPES = YES;
				CLANG_WARN_SUSPICIOUS_MOVE = YES;
				CLANG_WARN_UNGUARDED_AVAILABILITY = YES_AGGRESSIVE;
				CLANG_WARN_UNREACHABLE_CODE = YES;
				CLANG_WARN__DUPLICATE_METHOD_MATCH = YES;
				CODE_SIGN_IDENTITY = "iPhone Developer";
				COPY_PHASE_STRIP = NO;
				DEBUG_INFORMATION_FORMAT = "dwarf-with-dsym";
				ENABLE_NS_ASSERTIONS = NO;
				ENABLE_STRICT_OBJC_MSGSEND = YES;
				GCC_C_LANGUAGE_STANDARD = gnu11;
				GCC_NO_COMMON_BLOCKS = YES;
				GCC_WARN_64_TO_32_BIT_CONVERSION = YES;
				GCC_WARN_ABOUT_RETURN_TYPE = YES_ERROR;
				GCC_WARN_UNDECLARED_SELECTOR = YES;
				GCC_WARN_UNINITIALIZED_AUTOS = YES_AGGRESSIVE;
				GCC_WARN_UNUSED_FUNCTION = YES;
				GCC_WARN_UNUSED_VARIABLE = YES;
				IPHONEOS_DEPLOYMENT_TARGET = 12.2;
				MTL_ENABLE_DEBUG_INFO = NO;
				MTL_FAST_MATH = YES;
				SDKROOT = iphoneos;
				SWIFT_COMPILATION_MODE = wholemodule;
				SWIFT_OPTIMIZATION_LEVEL = "-O";
				VALIDATE_PRODUCT = YES;
			};
			name = Release;
		};
		9632246C22B755AB00C223CF /* Debug */ = {
			isa = XCBuildConfiguration;
			baseConfigurationReference = 4CEDDD5EC11C79407619C354 /* Pods-DeploymentEx.debug.xcconfig */;
			buildSettings = {
				ASSETCATALOG_COMPILER_APPICON_NAME = AppIcon;
				CODE_SIGN_STYLE = Automatic;
				INFOPLIST_FILE = DeploymentEx/Info.plist;
				LD_RUNPATH_SEARCH_PATHS = (
					"$(inherited)",
					"@executable_path/Frameworks",
				);
				PRODUCT_BUNDLE_IDENTIFIER = com.jinuman.DeploymentEx;
				PRODUCT_NAME = "$(TARGET_NAME)";
				SWIFT_VERSION = 5.0;
				TARGETED_DEVICE_FAMILY = "1,2";
			};
			name = Debug;
		};
		9632246D22B755AB00C223CF /* Release */ = {
			isa = XCBuildConfiguration;
			baseConfigurationReference = C2E12555BD28248F97C95D63 /* Pods-DeploymentEx.release.xcconfig */;
			buildSettings = {
				ASSETCATALOG_COMPILER_APPICON_NAME = AppIcon;
				CODE_SIGN_STYLE = Automatic;
				INFOPLIST_FILE = DeploymentEx/Info.plist;
				LD_RUNPATH_SEARCH_PATHS = (
					"$(inherited)",
					"@executable_path/Frameworks",
				);
				PRODUCT_BUNDLE_IDENTIFIER = com.jinuman.DeploymentEx;
				PRODUCT_NAME = "$(TARGET_NAME)";
				SWIFT_VERSION = 5.0;
				TARGETED_DEVICE_FAMILY = "1,2";
			};
			name = Release;
		};
/* End XCBuildConfiguration section */

/* Begin XCConfigurationList section */
		9632245422B755AB00C223CF /* Build configuration list for PBXProject "DeploymentEx" */ = {
			isa = XCConfigurationList;
			buildConfigurations = (
				9632246922B755AB00C223CF /* Debug */,
				9632246A22B755AB00C223CF /* Release */,
			);
			defaultConfigurationIsVisible = 0;
			defaultConfigurationName = Release;
		};
		9632246B22B755AB00C223CF /* Build configuration list for PBXNativeTarget "DeploymentEx" */ = {
			isa = XCConfigurationList;
			buildConfigurations = (
				9632246C22B755AB00C223CF /* Debug */,
				9632246D22B755AB00C223CF /* Release */,
			);
			defaultConfigurationIsVisible = 0;
			defaultConfigurationName = Release;
		};
/* End XCConfigurationList section */
	};
	rootObject = 9632245122B755AB00C223CF /* Project object */;
}
